{
  "name": "azure-serverless",
  "version": "1.0.0",
  "lockfileVersion": 2,
  "requires": true,
  "packages": {
    "": {
      "name": "azure-serverless",
      "version": "1.0.0",
      "dependencies": {
        "@devcycle/nodejs-server-sdk": "^1.2.7"
      }
    },
    "node_modules/@devcycle/bucketing-assembly-script": {
      "version": "1.0.30",
      "resolved": "https://registry.npmjs.org/@devcycle/bucketing-assembly-script/-/bucketing-assembly-script-1.0.30.tgz",
      "integrity": "sha512-Wi1LV2ttQCdXi9SsfSCieXz1EVnuq5y53tHUlHv9LLY26PCol4vDjU5Jm7uJ+ryB7hfQUUDf4XtnBVaJGH2z0Q=="
    },
    "node_modules/@devcycle/nodejs-server-sdk": {
      "version": "1.2.7",
      "resolved": "https://registry.npmjs.org/@devcycle/nodejs-server-sdk/-/nodejs-server-sdk-1.2.7.tgz",
      "integrity": "sha512-Uwylc31UMJ/32sPn3REV578wl+nfKh4gCVjVCzyWDtMnRKou3UsPFxEIElw6tUochFCq1FqLEJFlT0OilOxwYQ==",
      "dependencies": {
        "@devcycle/bucketing-assembly-script": "^1.0.30",
        "@devcycle/types": "1.0.32",
        "axios": "^0.24.0",
        "class-transformer": "0.5.1",
        "class-validator": "^0.13.1",
        "iso-639-1": "^2.1.13",
        "lodash": "^4.17.21",
        "moment": "^2.29.1",
        "murmurhash": "^2.0.0",
        "reflect-metadata": "^0.1.13",
        "uuid": "^8.3.2"
      },
      "engines": {
        "node": ">=14.0.0"
      }
    },
    "node_modules/@devcycle/types": {
      "version": "1.0.32",
      "resolved": "https://registry.npmjs.org/@devcycle/types/-/types-1.0.32.tgz",
      "integrity": "sha512-MW375lgUy/0M6ZB2DEIviw+OaH3WTmo+3cbbpIHLVnA2qiqGJ9H1fGrqCoP34brZNhT8sA4w1SeDQKtKlPDt6Q==",
      "peerDependencies": {
        "class-transformer": "0.5.1",
        "class-validator": "^0.13.1",
        "iso-639-1": "^2.1.13",
        "lodash": "^4.17.21",
        "reflect-metadata": "^0.1.13"
      }
    },
    "node_modules/axios": {
      "version": "0.24.0",
      "resolved": "https://registry.npmjs.org/axios/-/axios-0.24.0.tgz",
      "integrity": "sha512-Q6cWsys88HoPgAaFAVUb0WpPk0O8iTeisR9IMqy9G8AbO4NlpVknrnQS03zzF9PGAWgO3cgletO3VjV/P7VztA==",
      "dependencies": {
        "follow-redirects": "^1.14.4"
      }
    },
    "node_modules/class-transformer": {
      "version": "0.5.1",
      "resolved": "https://registry.npmjs.org/class-transformer/-/class-transformer-0.5.1.tgz",
      "integrity": "sha512-SQa1Ws6hUbfC98vKGxZH3KFY0Y1lm5Zm0SY8XX9zbK7FJCyVEac3ATW0RIpwzW+oOfmHE5PMPufDG9hCfoEOMw=="
    },
    "node_modules/class-validator": {
      "version": "0.13.2",
      "resolved": "https://registry.npmjs.org/class-validator/-/class-validator-0.13.2.tgz",
      "integrity": "sha512-yBUcQy07FPlGzUjoLuUfIOXzgynnQPPruyK1Ge2B74k9ROwnle1E+NxLWnUv5OLU8hA/qL5leAE9XnXq3byaBw==",
      "dependencies": {
        "libphonenumber-js": "^1.9.43",
        "validator": "^13.7.0"
      }
    },
    "node_modules/follow-redirects": {
      "version": "1.15.4",
      "resolved": "https://registry.npmjs.org/follow-redirects/-/follow-redirects-1.15.4.tgz",
      "integrity": "sha512-Cr4D/5wlrb0z9dgERpUL3LrmPKVDsETIJhaCMeDfuFYcqa5bldGV6wBsAN6X/vxlXQtFBMrXdXxdL8CbDTGniw==",
      "funding": [
        {
          "type": "individual",
          "url": "https://github.com/sponsors/RubenVerborgh"
        }
      ],
      "engines": {
        "node": ">=4.0"
      },
      "peerDependenciesMeta": {
        "debug": {
          "optional": true
        }
      }
    },
    "node_modules/iso-639-1": {
      "version": "2.1.15",
      "resolved": "https://registry.npmjs.org/iso-639-1/-/iso-639-1-2.1.15.tgz",
      "integrity": "sha512-7c7mBznZu2ktfvyT582E2msM+Udc1EjOyhVRE/0ZsjD9LBtWSm23h3PtiRh2a35XoUsTQQjJXaJzuLjXsOdFDg==",
      "engines": {
        "node": ">=6.0"
      }
    },
    "node_modules/libphonenumber-js": {
      "version": "1.10.13",
      "resolved": "https://registry.npmjs.org/libphonenumber-js/-/libphonenumber-js-1.10.13.tgz",
      "integrity": "sha512-b74iyWmwb4GprAUPjPkJ11GTC7KX4Pd3onpJfKxYyY8y9Rbb4ERY47LvCMEDM09WD3thiLDMXtkfDK/AX+zT7Q=="
    },
    "node_modules/lodash": {
      "version": "4.17.21",
      "resolved": "https://registry.npmjs.org/lodash/-/lodash-4.17.21.tgz",
      "integrity": "sha512-v2kDEe57lecTulaDIuNTPy3Ry4gLGJ6Z1O3vE1krgXZNrsQ+LFTGHVxVjcXPs17LhbZVGedAJv8XZ1tvj5FvSg=="
    },
    "node_modules/moment": {
      "version": "2.29.4",
      "resolved": "https://registry.npmjs.org/moment/-/moment-2.29.4.tgz",
      "integrity": "sha512-5LC9SOxjSc2HF6vO2CyuTDNivEdoz2IvyJJGj6X8DJ0eFyfszE0QiEd+iXmBvUP3WHxSjFH/vIsA0EN00cgr8w==",
      "engines": {
        "node": "*"
      }
    },
    "node_modules/murmurhash": {
      "version": "2.0.1",
      "resolved": "https://registry.npmjs.org/murmurhash/-/murmurhash-2.0.1.tgz",
      "integrity": "sha512-5vQEh3y+DG/lMPM0mCGPDnyV8chYg/g7rl6v3Gd8WMF9S429ox3Xk8qrk174kWhG767KQMqqxLD1WnGd77hiew=="
    },
    "node_modules/reflect-metadata": {
      "version": "0.1.13",
      "resolved": "https://registry.npmjs.org/reflect-metadata/-/reflect-metadata-0.1.13.tgz",
      "integrity": "sha512-Ts1Y/anZELhSsjMcU605fU9RE4Oi3p5ORujwbIKXfWa+0Zxs510Qrmrce5/Jowq3cHSZSJqBjypxmHarc+vEWg=="
    },
    "node_modules/uuid": {
      "version": "8.3.2",
      "resolved": "https://registry.npmjs.org/uuid/-/uuid-8.3.2.tgz",
      "integrity": "sha512-+NYs2QeMWy+GWFOEm9xnn6HCDp0l7QBD7ml8zLUmJ+93Q5NF0NocErnwkTkXVFNiX3/fpC6afS8Dhb/gz7R7eg==",
      "bin": {
        "uuid": "dist/bin/uuid"
      }
    },
    "node_modules/validator": {
      "version": "13.7.0",
      "resolved": "https://registry.npmjs.org/validator/-/validator-13.7.0.tgz",
      "integrity": "sha512-nYXQLCBkpJ8X6ltALua9dRrZDHVYxjJ1wgskNt1lH9fzGjs3tgojGSCBjmEPwkWS1y29+DrizMTW19Pr9uB2nw==",
      "engines": {
        "node": ">= 0.10"
      }
    }
  },
  "dependencies": {
    "@devcycle/bucketing-assembly-script": {
      "version": "1.0.30",
      "resolved": "https://registry.npmjs.org/@devcycle/bucketing-assembly-script/-/bucketing-assembly-script-1.0.30.tgz",
      "integrity": "sha512-Wi1LV2ttQCdXi9SsfSCieXz1EVnuq5y53tHUlHv9LLY26PCol4vDjU5Jm7uJ+ryB7hfQUUDf4XtnBVaJGH2z0Q=="
    },
    "@devcycle/nodejs-server-sdk": {
      "version": "1.2.7",
      "resolved": "https://registry.npmjs.org/@devcycle/nodejs-server-sdk/-/nodejs-server-sdk-1.2.7.tgz",
      "integrity": "sha512-Uwylc31UMJ/32sPn3REV578wl+nfKh4gCVjVCzyWDtMnRKou3UsPFxEIElw6tUochFCq1FqLEJFlT0OilOxwYQ==",
      "requires": {
        "@devcycle/bucketing-assembly-script": "^1.0.30",
        "@devcycle/types": "1.0.32",
        "axios": "^0.24.0",
        "class-transformer": "0.5.1",
        "class-validator": "^0.13.1",
        "iso-639-1": "^2.1.13",
        "lodash": "^4.17.21",
        "moment": "^2.29.1",
        "murmurhash": "^2.0.0",
        "reflect-metadata": "^0.1.13",
        "uuid": "^8.3.2"
      }
    },
    "@devcycle/types": {
      "version": "1.0.32",
      "resolved": "https://registry.npmjs.org/@devcycle/types/-/types-1.0.32.tgz",
      "integrity": "sha512-MW375lgUy/0M6ZB2DEIviw+OaH3WTmo+3cbbpIHLVnA2qiqGJ9H1fGrqCoP34brZNhT8sA4w1SeDQKtKlPDt6Q==",
      "requires": {}
    },
    "axios": {
      "version": "0.24.0",
      "resolved": "https://registry.npmjs.org/axios/-/axios-0.24.0.tgz",
      "integrity": "sha512-Q6cWsys88HoPgAaFAVUb0WpPk0O8iTeisR9IMqy9G8AbO4NlpVknrnQS03zzF9PGAWgO3cgletO3VjV/P7VztA==",
      "requires": {
        "follow-redirects": "^1.14.4"
      }
    },
    "class-transformer": {
      "version": "0.5.1",
      "resolved": "https://registry.npmjs.org/class-transformer/-/class-transformer-0.5.1.tgz",
      "integrity": "sha512-SQa1Ws6hUbfC98vKGxZH3KFY0Y1lm5Zm0SY8XX9zbK7FJCyVEac3ATW0RIpwzW+oOfmHE5PMPufDG9hCfoEOMw=="
    },
    "class-validator": {
      "version": "0.13.2",
      "resolved": "https://registry.npmjs.org/class-validator/-/class-validator-0.13.2.tgz",
      "integrity": "sha512-yBUcQy07FPlGzUjoLuUfIOXzgynnQPPruyK1Ge2B74k9ROwnle1E+NxLWnUv5OLU8hA/qL5leAE9XnXq3byaBw==",
      "requires": {
        "libphonenumber-js": "^1.9.43",
        "validator": "^13.7.0"
      }
    },
    "follow-redirects": {
      "version": "1.15.4",
      "resolved": "https://registry.npmjs.org/follow-redirects/-/follow-redirects-1.15.4.tgz",
      "integrity": "sha512-Cr4D/5wlrb0z9dgERpUL3LrmPKVDsETIJhaCMeDfuFYcqa5bldGV6wBsAN6X/vxlXQtFBMrXdXxdL8CbDTGniw=="
    },
    "iso-639-1": {
      "version": "2.1.15",
      "resolved": "https://registry.npmjs.org/iso-639-1/-/iso-639-1-2.1.15.tgz",
      "integrity": "sha512-7c7mBznZu2ktfvyT582E2msM+Udc1EjOyhVRE/0ZsjD9LBtWSm23h3PtiRh2a35XoUsTQQjJXaJzuLjXsOdFDg=="
    },
    "libphonenumber-js": {
      "version": "1.10.13",
      "resolved": "https://registry.npmjs.org/libphonenumber-js/-/libphonenumber-js-1.10.13.tgz",
      "integrity": "sha512-b74iyWmwb4GprAUPjPkJ11GTC7KX4Pd3onpJfKxYyY8y9Rbb4ERY47LvCMEDM09WD3thiLDMXtkfDK/AX+zT7Q=="
    },
    "lodash": {
      "version": "4.17.21",
      "resolved": "https://registry.npmjs.org/lodash/-/lodash-4.17.21.tgz",
      "integrity": "sha512-v2kDEe57lecTulaDIuNTPy3Ry4gLGJ6Z1O3vE1krgXZNrsQ+LFTGHVxVjcXPs17LhbZVGedAJv8XZ1tvj5FvSg=="
    },
    "moment": {
      "version": "2.29.4",
      "resolved": "https://registry.npmjs.org/moment/-/moment-2.29.4.tgz",
      "integrity": "sha512-5LC9SOxjSc2HF6vO2CyuTDNivEdoz2IvyJJGj6X8DJ0eFyfszE0QiEd+iXmBvUP3WHxSjFH/vIsA0EN00cgr8w=="
    },
    "murmurhash": {
      "version": "2.0.1",
      "resolved": "https://registry.npmjs.org/murmurhash/-/murmurhash-2.0.1.tgz",
      "integrity": "sha512-5vQEh3y+DG/lMPM0mCGPDnyV8chYg/g7rl6v3Gd8WMF9S429ox3Xk8qrk174kWhG767KQMqqxLD1WnGd77hiew=="
    },
    "reflect-metadata": {
      "version": "0.1.13",
      "resolved": "https://registry.npmjs.org/reflect-metadata/-/reflect-metadata-0.1.13.tgz",
      "integrity": "sha512-Ts1Y/anZELhSsjMcU605fU9RE4Oi3p5ORujwbIKXfWa+0Zxs510Qrmrce5/Jowq3cHSZSJqBjypxmHarc+vEWg=="
    },
    "uuid": {
      "version": "8.3.2",
      "resolved": "https://registry.npmjs.org/uuid/-/uuid-8.3.2.tgz",
      "integrity": "sha512-+NYs2QeMWy+GWFOEm9xnn6HCDp0l7QBD7ml8zLUmJ+93Q5NF0NocErnwkTkXVFNiX3/fpC6afS8Dhb/gz7R7eg=="
    },
    "validator": {
      "version": "13.7.0",
      "resolved": "https://registry.npmjs.org/validator/-/validator-13.7.0.tgz",
      "integrity": "sha512-nYXQLCBkpJ8X6ltALua9dRrZDHVYxjJ1wgskNt1lH9fzGjs3tgojGSCBjmEPwkWS1y29+DrizMTW19Pr9uB2nw=="
    }
  }
}
